
Microsoft Visual Studio Solution File, Format Version 12.00
# Visual Studio 15
VisualStudioVersion = 15.0.26430.16
MinimumVisualStudioVersion = 10.0.40219.1
Project("{D954291E-2A0B-460D-934E-DC6B0785DB48}") = "KNEO", "KNEO\KNEO\KNEO.shproj", "{352BC6E1-2506-4C3E-B40C-99903D47DD67}"
EndProject
Project("{FAE04EC0-301F-11D3-BF4B-00C04F79EFBC}") = "KNEO.Android", "KNEO\KNEO.Android\KNEO.Android.csproj", "{5ABD92B3-A289-4FEC-B504-DD1A0AC46770}"
EndProject
Project("{FAE04EC0-301F-11D3-BF4B-00C04F79EFBC}") = "KNEO.iOS", "KNEO\KNEO.iOS\KNEO.iOS.csproj", "{0AF46632-DB60-4CE3-B03F-2F2EA14BAD1D}"
EndProject
Project("{FAE04EC0-301F-11D3-BF4B-00C04F79EFBC}") = "KNEO.UWP", "KNEO\KNEO.UWP\KNEO.UWP.csproj", "{2AE598A4-38B8-4DC3-860C-57F5E4841100}"
EndProject
Global
	GlobalSection(SharedMSBuildProjectFiles) = preSolution
		KNEO\KNEO\KNEO.projitems*{0af46632-db60-4ce3-b03f-2f2ea14bad1d}*SharedItemsImports = 4
		KNEO\KNEO\KNEO.projitems*{2ae598a4-38b8-4dc3-860c-57f5e4841100}*SharedItemsImports = 4
		KNEO\KNEO\KNEO.projitems*{352bc6e1-2506-4c3e-b40c-99903d47dd67}*SharedItemsImports = 13
		KNEO\KNEO\KNEO.projitems*{5abd92b3-a289-4fec-b504-dd1a0ac46770}*SharedItemsImports = 4
	EndGlobalSection
	GlobalSection(SolutionConfigurationPlatforms) = preSolution
		Ad-Hoc|Any CPU = Ad-Hoc|Any CPU
		Ad-Hoc|ARM = Ad-Hoc|ARM
		Ad-Hoc|iPhone = Ad-Hoc|iPhone
		Ad-Hoc|iPhoneSimulator = Ad-Hoc|iPhoneSimulator
		Ad-Hoc|x64 = Ad-Hoc|x64
		Ad-Hoc|x86 = Ad-Hoc|x86
		AppStore|Any CPU = AppStore|Any CPU
		AppStore|ARM = AppStore|ARM
		AppStore|iPhone = AppStore|iPhone
		AppStore|iPhoneSimulator = AppStore|iPhoneSimulator
		AppStore|x64 = AppStore|x64
		AppStore|x86 = AppStore|x86
		Debug|Any CPU = Debug|Any CPU
		Debug|ARM = Debug|ARM
		Debug|iPhone = Debug|iPhone
		Debug|iPhoneSimulator = Debug|iPhoneSimulator
		Debug|x64 = Debug|x64
		Debug|x86 = Debug|x86
		Release|Any CPU = Release|Any CPU
		Release|ARM = Release|ARM
		Release|iPhone = Release|iPhone
		Release|iPhoneSimulator = Release|iPhoneSimulator
		Release|x64 = Release|x64
		Release|x86 = Release|x86
	EndGlobalSection
	GlobalSection(ProjectConfigurationPlatforms) = postSolution
		{5ABD92B3-A289-4FEC-B504-DD1A0AC46770}.Ad-Hoc|Any CPU.ActiveCfg = Release|Any CPU
		{5ABD92B3-A289-4FEC-B504-DD1A0AC46770}.Ad-Hoc|Any CPU.Build.0 = Release|Any CPU
		{5ABD92B3-A289-4FEC-B504-DD1A0AC46770}.Ad-Hoc|Any CPU.Deploy.0 = Release|Any CPU
		{5ABD92B3-A289-4FEC-B504-DD1A0AC46770}.Ad-Hoc|ARM.ActiveCfg = Release|Any CPU
		{5ABD92B3-A289-4FEC-B504-DD1A0AC46770}.Ad-Hoc|ARM.Build.0 = Release|Any CPU
		{5ABD92B3-A289-4FEC-B504-DD1A0AC46770}.Ad-Hoc|ARM.Deploy.0 = Release|Any CPU
		{5ABD92B3-A289-4FEC-B504-DD1A0AC46770}.Ad-Hoc|iPhone.ActiveCfg = Release|Any CPU
		{5ABD92B3-A289-4FEC-B504-DD1A0AC46770}.Ad-Hoc|iPhone.Build.0 = Release|Any CPU
		{5ABD92B3-A289-4FEC-B504-DD1A0AC46770}.Ad-Hoc|iPhone.Deploy.0 = Release|Any CPU
		{5ABD92B3-A289-4FEC-B504-DD1A0AC46770}.Ad-Hoc|iPhoneSimulator.ActiveCfg = Release|Any CPU
		{5ABD92B3-A289-4FEC-B504-DD1A0AC46770}.Ad-Hoc|iPhoneSimulator.Build.0 = Release|Any CPU
		{5ABD92B3-A289-4FEC-B504-DD1A0AC46770}.Ad-Hoc|iPhoneSimulator.Deploy.0 = Release|Any CPU
		{5ABD92B3-A289-4FEC-B504-DD1A0AC46770}.Ad-Hoc|x64.ActiveCfg = Release|Any CPU
		{5ABD92B3-A289-4FEC-B504-DD1A0AC46770}.Ad-Hoc|x64.Build.0 = Release|Any CPU
		{5ABD92B3-A289-4FEC-B504-DD1A0AC46770}.Ad-Hoc|x64.Deploy.0 = Release|Any CPU
		{5ABD92B3-A289-4FEC-B504-DD1A0AC46770}.Ad-Hoc|x86.ActiveCfg = Release|Any CPU
		{5ABD92B3-A289-4FEC-B504-DD1A0AC46770}.Ad-Hoc|x86.Build.0 = Release|Any CPU
		{5ABD92B3-A289-4FEC-B504-DD1A0AC46770}.Ad-Hoc|x86.Deploy.0 = Release|Any CPU
		{5ABD92B3-A289-4FEC-B504-DD1A0AC46770}.AppStore|Any CPU.ActiveCfg = Release|Any CPU
		{5ABD92B3-A289-4FEC-B504-DD1A0AC46770}.AppStore|Any CPU.Build.0 = Release|Any CPU
		{5ABD92B3-A289-4FEC-B504-DD1A0AC46770}.AppStore|Any CPU.Deploy.0 = Release|Any CPU
		{5ABD92B3-A289-4FEC-B504-DD1A0AC46770}.AppStore|ARM.ActiveCfg = Release|Any CPU
		{5ABD92B3-A289-4FEC-B504-DD1A0AC46770}.AppStore|ARM.Build.0 = Release|Any CPU
		{5ABD92B3-A289-4FEC-B504-DD1A0AC46770}.AppStore|ARM.Deploy.0 = Release|Any CPU
		{5ABD92B3-A289-4FEC-B504-DD1A0AC46770}.AppStore|iPhone.ActiveCfg = Release|Any CPU
		{5ABD92B3-A289-4FEC-B504-DD1A0AC46770}.AppStore|iPhone.Build.0 = Release|Any CPU
		{5ABD92B3-A289-4FEC-B504-DD1A0AC46770}.AppStore|iPhone.Deploy.0 = Release|Any CPU
		{5ABD92B3-A289-4FEC-B504-DD1A0AC46770}.AppStore|iPhoneSimulator.ActiveCfg = Release|Any CPU
		{5ABD92B3-A289-4FEC-B504-DD1A0AC46770}.AppStore|iPhoneSimulator.Build.0 = Release|Any CPU
		{5ABD92B3-A289-4FEC-B504-DD1A0AC46770}.AppStore|iPhoneSimulator.Deploy.0 = Release|Any CPU
		{5ABD92B3-A289-4FEC-B504-DD1A0AC46770}.AppStore|x64.ActiveCfg = Release|Any CPU
		{5ABD92B3-A289-4FEC-B504-DD1A0AC46770}.AppStore|x64.Build.0 = Release|Any CPU
		{5ABD92B3-A289-4FEC-B504-DD1A0AC46770}.AppStore|x64.Deploy.0 = Release|Any CPU
		{5ABD92B3-A289-4FEC-B504-DD1A0AC46770}.AppStore|x86.ActiveCfg = Release|Any CPU
		{5ABD92B3-A289-4FEC-B504-DD1A0AC46770}.AppStore|x86.Build.0 = Release|Any CPU
		{5ABD92B3-A289-4FEC-B504-DD1A0AC46770}.AppStore|x86.Deploy.0 = Release|Any CPU
		{5ABD92B3-A289-4FEC-B504-DD1A0AC46770}.Debug|Any CPU.ActiveCfg = Debug|Any CPU
		{5ABD92B3-A289-4FEC-B504-DD1A0AC46770}.Debug|Any CPU.Build.0 = Debug|Any CPU
		{5ABD92B3-A289-4FEC-B504-DD1A0AC46770}.Debug|Any CPU.Deploy.0 = Debug|Any CPU
		{5ABD92B3-A289-4FEC-B504-DD1A0AC46770}.Debug|ARM.ActiveCfg = Debug|Any CPU
		{5ABD92B3-A289-4FEC-B504-DD1A0AC46770}.Debug|ARM.Build.0 = Debug|Any CPU
		{5ABD92B3-A289-4FEC-B504-DD1A0AC46770}.Debug|ARM.Deploy.0 = Debug|Any CPU
		{5ABD92B3-A289-4FEC-B504-DD1A0AC46770}.Debug|iPhone.ActiveCfg = Debug|Any CPU
		{5ABD92B3-A289-4FEC-B504-DD1A0AC46770}.Debug|iPhone.Build.0 = Debug|Any CPU
		{5ABD92B3-A289-4FEC-B504-DD1A0AC46770}.Debug|iPhone.Deploy.0 = Debug|Any CPU
		{5ABD92B3-A289-4FEC-B504-DD1A0AC46770}.Debug|iPhoneSimulator.ActiveCfg = Debug|Any CPU
		{5ABD92B3-A289-4FEC-B504-DD1A0AC46770}.Debug|iPhoneSimulator.Build.0 = Debug|Any CPU
		{5ABD92B3-A289-4FEC-B504-DD1A0AC46770}.Debug|iPhoneSimulator.Deploy.0 = Debug|Any CPU
		{5ABD92B3-A289-4FEC-B504-DD1A0AC46770}.Debug|x64.ActiveCfg = Debug|Any CPU
		{5ABD92B3-A289-4FEC-B504-DD1A0AC46770}.Debug|x64.Build.0 = Debug|Any CPU
		{5ABD92B3-A289-4FEC-B504-DD1A0AC46770}.Debug|x64.Deploy.0 = Debug|Any CPU
		{5ABD92B3-A289-4FEC-B504-DD1A0AC46770}.Debug|x86.ActiveCfg = Debug|Any CPU
		{5ABD92B3-A289-4FEC-B504-DD1A0AC46770}.Debug|x86.Build.0 = Debug|Any CPU
		{5ABD92B3-A289-4FEC-B504-DD1A0AC46770}.Debug|x86.Deploy.0 = Debug|Any CPU
		{5ABD92B3-A289-4FEC-B504-DD1A0AC46770}.Release|Any CPU.ActiveCfg = Release|Any CPU
		{5ABD92B3-A289-4FEC-B504-DD1A0AC46770}.Release|Any CPU.Build.0 = Release|Any CPU
		{5ABD92B3-A289-4FEC-B504-DD1A0AC46770}.Release|Any CPU.Deploy.0 = Release|Any CPU
		{5ABD92B3-A289-4FEC-B504-DD1A0AC46770}.Release|ARM.ActiveCfg = Release|Any CPU
		{5ABD92B3-A289-4FEC-B504-DD1A0AC46770}.Release|ARM.Build.0 = Release|Any CPU
		{5ABD92B3-A289-4FEC-B504-DD1A0AC46770}.Release|ARM.Deploy.0 = Release|Any CPU
		{5ABD92B3-A289-4FEC-B504-DD1A0AC46770}.Release|iPhone.ActiveCfg = Release|Any CPU
		{5ABD92B3-A289-4FEC-B504-DD1A0AC46770}.Release|iPhone.Build.0 = Release|Any CPU
		{5ABD92B3-A289-4FEC-B504-DD1A0AC46770}.Release|iPhone.Deploy.0 = Release|Any CPU
		{5ABD92B3-A289-4FEC-B504-DD1A0AC46770}.Release|iPhoneSimulator.ActiveCfg = Release|Any CPU
		{5ABD92B3-A289-4FEC-B504-DD1A0AC46770}.Release|iPhoneSimulator.Build.0 = Release|Any CPU
		{5ABD92B3-A289-4FEC-B504-DD1A0AC46770}.Release|iPhoneSimulator.Deploy.0 = Release|Any CPU
		{5ABD92B3-A289-4FEC-B504-DD1A0AC46770}.Release|x64.ActiveCfg = Release|Any CPU
		{5ABD92B3-A289-4FEC-B504-DD1A0AC46770}.Release|x64.Build.0 = Release|Any CPU
		{5ABD92B3-A289-4FEC-B504-DD1A0AC46770}.Release|x64.Deploy.0 = Release|Any CPU
		{5ABD92B3-A289-4FEC-B504-DD1A0AC46770}.Release|x86.ActiveCfg = Release|Any CPU
		{5ABD92B3-A289-4FEC-B504-DD1A0AC46770}.Release|x86.Build.0 = Release|Any CPU
		{5ABD92B3-A289-4FEC-B504-DD1A0AC46770}.Release|x86.Deploy.0 = Release|Any CPU
		{0AF46632-DB60-4CE3-B03F-2F2EA14BAD1D}.Ad-Hoc|Any CPU.ActiveCfg = Ad-Hoc|iPhoneSimulator
		{0AF46632-DB60-4CE3-B03F-2F2EA14BAD1D}.Ad-Hoc|ARM.ActiveCfg = Ad-Hoc|iPhone
		{0AF46632-DB60-4CE3-B03F-2F2EA14BAD1D}.Ad-Hoc|iPhone.ActiveCfg = Ad-Hoc|iPhone
		{0AF46632-DB60-4CE3-B03F-2F2EA14BAD1D}.Ad-Hoc|iPhone.Build.0 = Ad-Hoc|iPhone
		{0AF46632-DB60-4CE3-B03F-2F2EA14BAD1D}.Ad-Hoc|iPhoneSimulator.ActiveCfg = Ad-Hoc|iPhoneSimulator
		{0AF46632-DB60-4CE3-B03F-2F2EA14BAD1D}.Ad-Hoc|iPhoneSimulator.Build.0 = Ad-Hoc|iPhoneSimulator
		{0AF46632-DB60-4CE3-B03F-2F2EA14BAD1D}.Ad-Hoc|x64.ActiveCfg = Ad-Hoc|iPhone
		{0AF46632-DB60-4CE3-B03F-2F2EA14BAD1D}.Ad-Hoc|x86.ActiveCfg = Ad-Hoc|iPhone
		{0AF46632-DB60-4CE3-B03F-2F2EA14BAD1D}.AppStore|Any CPU.ActiveCfg = AppStore|iPhoneSimulator
		{0AF46632-DB60-4CE3-B03F-2F2EA14BAD1D}.AppStore|ARM.ActiveCfg = AppStore|iPhone
		{0AF46632-DB60-4CE3-B03F-2F2EA14BAD1D}.AppStore|iPhone.ActiveCfg = AppStore|iPhone
		{0AF46632-DB60-4CE3-B03F-2F2EA14BAD1D}.AppStore|iPhone.Build.0 = AppStore|iPhone
		{0AF46632-DB60-4CE3-B03F-2F2EA14BAD1D}.AppStore|iPhoneSimulator.ActiveCfg = AppStore|iPhoneSimulator
		{0AF46632-DB60-4CE3-B03F-2F2EA14BAD1D}.AppStore|iPhoneSimulator.Build.0 = AppStore|iPhoneSimulator
		{0AF46632-DB60-4CE3-B03F-2F2EA14BAD1D}.AppStore|x64.ActiveCfg = AppStore|iPhone
		{0AF46632-DB60-4CE3-B03F-2F2EA14BAD1D}.AppStore|x86.ActiveCfg = AppStore|iPhone
		{0AF46632-DB60-4CE3-B03F-2F2EA14BAD1D}.Debug|Any CPU.ActiveCfg = Debug|iPhoneSimulator
		{0AF46632-DB60-4CE3-B03F-2F2EA14BAD1D}.Debug|ARM.ActiveCfg = Debug|iPhone
		{0AF46632-DB60-4CE3-B03F-2F2EA14BAD1D}.Debug|iPhone.ActiveCfg = Debug|iPhone
		{0AF46632-DB60-4CE3-B03F-2F2EA14BAD1D}.Debug|iPhone.Build.0 = Debug|iPhone
		{0AF46632-DB60-4CE3-B03F-2F2EA14BAD1D}.Debug|iPhoneSimulator.ActiveCfg = Debug|iPhoneSimulator
		{0AF46632-DB60-4CE3-B03F-2F2EA14BAD1D}.Debug|iPhoneSimulator.Build.0 = Debug|iPhoneSimulator
		{0AF46632-DB60-4CE3-B03F-2F2EA14BAD1D}.Debug|x64.ActiveCfg = Debug|iPhone
		{0AF46632-DB60-4CE3-B03F-2F2EA14BAD1D}.Debug|x86.ActiveCfg = Debug|iPhone
		{0AF46632-DB60-4CE3-B03F-2F2EA14BAD1D}.Release|Any CPU.ActiveCfg = Release|iPhoneSimulator
		{0AF46632-DB60-4CE3-B03F-2F2EA14BAD1D}.Release|ARM.ActiveCfg = Release|iPhone
		{0AF46632-DB60-4CE3-B03F-2F2EA14BAD1D}.Release|iPhone.ActiveCfg = Release|iPhone
		{0AF46632-DB60-4CE3-B03F-2F2EA14BAD1D}.Release|iPhone.Build.0 = Release|iPhone
		{0AF46632-DB60-4CE3-B03F-2F2EA14BAD1D}.Release|iPhoneSimulator.ActiveCfg = Release|iPhoneSimulator
		{0AF46632-DB60-4CE3-B03F-2F2EA14BAD1D}.Release|iPhoneSimulator.Build.0 = Release|iPhoneSimulator
		{0AF46632-DB60-4CE3-B03F-2F2EA14BAD1D}.Release|x64.ActiveCfg = Release|iPhone
		{0AF46632-DB60-4CE3-B03F-2F2EA14BAD1D}.Release|x86.ActiveCfg = Release|iPhone
		{2AE598A4-38B8-4DC3-860C-57F5E4841100}.Ad-Hoc|Any CPU.ActiveCfg = Release|x86
		{2AE598A4-38B8-4DC3-860C-57F5E4841100}.Ad-Hoc|Any CPU.Build.0 = Release|x86
		{2AE598A4-38B8-4DC3-860C-57F5E4841100}.Ad-Hoc|Any CPU.Deploy.0 = Release|x86
		{2AE598A4-38B8-4DC3-860C-57F5E4841100}.Ad-Hoc|ARM.ActiveCfg = Release|ARM
		{2AE598A4-38B8-4DC3-860C-57F5E4841100}.Ad-Hoc|ARM.Build.0 = Release|ARM
		{2AE598A4-38B8-4DC3-860C-57F5E4841100}.Ad-Hoc|ARM.Deploy.0 = Release|ARM
		{2AE598A4-38B8-4DC3-860C-57F5E4841100}.Ad-Hoc|iPhone.ActiveCfg = Release|x86
		{2AE598A4-38B8-4DC3-860C-57F5E4841100}.Ad-Hoc|iPhone.Build.0 = Release|x86
		{2AE598A4-38B8-4DC3-860C-57F5E4841100}.Ad-Hoc|iPhone.Deploy.0 = Release|x86
		{2AE598A4-38B8-4DC3-860C-57F5E4841100}.Ad-Hoc|iPhoneSimulator.ActiveCfg = Release|x86
		{2AE598A4-38B8-4DC3-860C-57F5E4841100}.Ad-Hoc|iPhoneSimulator.Build.0 = Release|x86
		{2AE598A4-38B8-4DC3-860C-57F5E4841100}.Ad-Hoc|iPhoneSimulator.Deploy.0 = Release|x86
		{2AE598A4-38B8-4DC3-860C-57F5E4841100}.Ad-Hoc|x64.ActiveCfg = Release|x64
		{2AE598A4-38B8-4DC3-860C-57F5E4841100}.Ad-Hoc|x64.Build.0 = Release|x64
		{2AE598A4-38B8-4DC3-860C-57F5E4841100}.Ad-Hoc|x64.Deploy.0 = Release|x64
		{2AE598A4-38B8-4DC3-860C-57F5E4841100}.Ad-Hoc|x86.ActiveCfg = Release|x86
		{2AE598A4-38B8-4DC3-860C-57F5E4841100}.Ad-Hoc|x86.Build.0 = Release|x86
		{2AE598A4-38B8-4DC3-860C-57F5E4841100}.Ad-Hoc|x86.Deploy.0 = Release|x86
		{2AE598A4-38B8-4DC3-860C-57F5E4841100}.AppStore|Any CPU.ActiveCfg = Release|x86
		{2AE598A4-38B8-4DC3-860C-57F5E4841100}.AppStore|Any CPU.Build.0 = Release|x86
		{2AE598A4-38B8-4DC3-860C-57F5E4841100}.AppStore|Any CPU.Deploy.0 = Release|x86
		{2AE598A4-38B8-4DC3-860C-57F5E4841100}.AppStore|ARM.ActiveCfg = Release|ARM
		{2AE598A4-38B8-4DC3-860C-57F5E4841100}.AppStore|ARM.Build.0 = Release|ARM
		{2AE598A4-38B8-4DC3-860C-57F5E4841100}.AppStore|ARM.Deploy.0 = Release|ARM
		{2AE598A4-38B8-4DC3-860C-57F5E4841100}.AppStore|iPhone.ActiveCfg = Release|x86
		{2AE598A4-38B8-4DC3-860C-57F5E4841100}.AppStore|iPhone.Build.0 = Release|x86
		{2AE598A4-38B8-4DC3-860C-57F5E4841100}.AppStore|iPhone.Deploy.0 = Release|x86
		{2AE598A4-38B8-4DC3-860C-57F5E4841100}.AppStore|iPhoneSimulator.ActiveCfg = Release|x86
		{2AE598A4-38B8-4DC3-860C-57F5E4841100}.AppStore|iPhoneSimulator.Build.0 = Release|x86
		{2AE598A4-38B8-4DC3-860C-57F5E4841100}.AppStore|iPhoneSimulator.Deploy.0 = Release|x86
		{2AE598A4-38B8-4DC3-860C-57F5E4841100}.AppStore|x64.ActiveCfg = Release|x64
		{2AE598A4-38B8-4DC3-860C-57F5E4841100}.AppStore|x64.Build.0 = Release|x64
		{2AE598A4-38B8-4DC3-860C-57F5E4841100}.AppStore|x64.Deploy.0 = Release|x64
		{2AE598A4-38B8-4DC3-860C-57F5E4841100}.AppStore|x86.ActiveCfg = Release|x86
		{2AE598A4-38B8-4DC3-860C-57F5E4841100}.AppStore|x86.Build.0 = Release|x86
		{2AE598A4-38B8-4DC3-860C-57F5E4841100}.AppStore|x86.Deploy.0 = Release|x86
		{2AE598A4-38B8-4DC3-860C-57F5E4841100}.Debug|Any CPU.ActiveCfg = Debug|x86
		{2AE598A4-38B8-4DC3-860C-57F5E4841100}.Debug|ARM.ActiveCfg = Debug|ARM
		{2AE598A4-38B8-4DC3-860C-57F5E4841100}.Debug|ARM.Build.0 = Debug|ARM
		{2AE598A4-38B8-4DC3-860C-57F5E4841100}.Debug|ARM.Deploy.0 = Debug|ARM
		{2AE598A4-38B8-4DC3-860C-57F5E4841100}.Debug|iPhone.ActiveCfg = Debug|x86
		{2AE598A4-38B8-4DC3-860C-57F5E4841100}.Debug|iPhoneSimulator.ActiveCfg = Debug|x86
		{2AE598A4-38B8-4DC3-860C-57F5E4841100}.Debug|x64.ActiveCfg = Debug|x64
		{2AE598A4-38B8-4DC3-860C-57F5E4841100}.Debug|x64.Build.0 = Debug|x64
		{2AE598A4-38B8-4DC3-860C-57F5E4841100}.Debug|x64.Deploy.0 = Debug|x64
		{2AE598A4-38B8-4DC3-860C-57F5E4841100}.Debug|x86.ActiveCfg = Debug|x86
		{2AE598A4-38B8-4DC3-860C-57F5E4841100}.Debug|x86.Build.0 = Debug|x86
		{2AE598A4-38B8-4DC3-860C-57F5E4841100}.Debug|x86.Deploy.0 = Debug|x86
		{2AE598A4-38B8-4DC3-860C-57F5E4841100}.Release|Any CPU.ActiveCfg = Release|x86
		{2AE598A4-38B8-4DC3-860C-57F5E4841100}.Release|ARM.ActiveCfg = Release|ARM
		{2AE598A4-38B8-4DC3-860C-57F5E4841100}.Release|ARM.Build.0 = Release|ARM
		{2AE598A4-38B8-4DC3-860C-57F5E4841100}.Release|ARM.Deploy.0 = Release|ARM
		{2AE598A4-38B8-4DC3-860C-57F5E4841100}.Release|iPhone.ActiveCfg = Release|x86
		{2AE598A4-38B8-4DC3-860C-57F5E4841100}.Release|iPhoneSimulator.ActiveCfg = Release|x86
		{2AE598A4-38B8-4DC3-860C-57F5E4841100}.Release|x64.ActiveCfg = Release|x64
		{2AE598A4-38B8-4DC3-860C-57F5E4841100}.Release|x64.Build.0 = Release|x64
		{2AE598A4-38B8-4DC3-860C-57F5E4841100}.Release|x64.Deploy.0 = Release|x64
		{2AE598A4-38B8-4DC3-860C-57F5E4841100}.Release|x86.ActiveCfg = Release|x86
		{2AE598A4-38B8-4DC3-860C-57F5E4841100}.Release|x86.Build.0 = Release|x86
		{2AE598A4-38B8-4DC3-860C-57F5E4841100}.Release|x86.Deploy.0 = Release|x86
	EndGlobalSection
	GlobalSection(SolutionProperties) = preSolution
		HideSolutionNode = FALSE
	EndGlobalSection
	GlobalSection(ExtensibilityGlobals) = postSolution
		SolutionGuid = {D9FA6A9F-938D-4B74-9C4C-3E634DBBD198}
	EndGlobalSection
EndGlobal
